
Microsoft Visual Studio Solution File, Format Version 12.00
# Visual Studio Version 17
VisualStudioVersion = 17.5.002.0
MinimumVisualStudioVersion = 10.0.40219.1
Project("{2150E333-8FDC-42A3-9474-1A3956D46DE8}") = "csharp-prep", "csharp-prep", "{AECEB9D2-B3EF-4684-B9DA-A976F5CB9F77}"
EndProject
Project("{9A19103F-16F7-4668-BE54-9A1E7A4F7556}") = "Prep1", "csharp-prep\Prep1\Prep1.csproj", "{2F5FF3C9-D751-4313-9087-64D38FD39721}"
EndProject
Project("{9A19103F-16F7-4668-BE54-9A1E7A4F7556}") = "Prep2", "csharp-prep\Prep2\Prep2.csproj", "{EA899957-5229-425D-A605-271EDBD9EDC3}"
EndProject
Project("{9A19103F-16F7-4668-BE54-9A1E7A4F7556}") = "Prep3", "csharp-prep\Prep3\Prep3.csproj", "{D2608574-FBA2-4B72-82EA-BB64A2D84C56}"
EndProject
Project("{9A19103F-16F7-4668-BE54-9A1E7A4F7556}") = "Prep4", "csharp-prep\Prep4\Prep4.csproj", "{67EFF8B5-8DD7-4738-BB5D-FBADA2C092B3}"
EndProject
Project("{9A19103F-16F7-4668-BE54-9A1E7A4F7556}") = "Prep5", "csharp-prep\Prep5\Prep5.csproj", "{EDE333EB-97E8-4A70-B561-0FF0F9C1D07E}"
EndProject
Project("{2150E333-8FDC-42A3-9474-1A3956D46DE8}") = "final", "final", "{269F6C99-258C-4C9F-87F7-28E5B7860E69}"
EndProject
Project("{9A19103F-16F7-4668-BE54-9A1E7A4F7556}") = "FinalProject", "final\FinalProject\FinalProject.csproj", "{A28A14F8-C1F1-4D42-A800-A3B63A9EF4FB}"
EndProject
Project("{9A19103F-16F7-4668-BE54-9A1E7A4F7556}") = "Foundation1", "final\Foundation1\Foundation1.csproj", "{FC94481A-06F0-4FB3-BB96-9D68909F495D}"
EndProject
Project("{9A19103F-16F7-4668-BE54-9A1E7A4F7556}") = "Foundation2", "final\Foundation2\Foundation2.csproj", "{2021392E-F51E-4F15-BC66-9F519E275C46}"
EndProject
Project("{9A19103F-16F7-4668-BE54-9A1E7A4F7556}") = "Foundation3", "final\Foundation3\Foundation3.csproj", "{D1E0C7D8-202D-483F-AB31-D5B369B8B6E8}"
EndProject
Project("{9A19103F-16F7-4668-BE54-9A1E7A4F7556}") = "Foundation4", "final\Foundation4\Foundation4.csproj", "{3CCF8590-796B-41E9-A0EC-70E4BD156B60}"
EndProject
Project("{2150E333-8FDC-42A3-9474-1A3956D46DE8}") = "prepare", "prepare", "{EDF47A72-1E81-43C9-B270-90F97CBE7ED6}"
EndProject
Project("{9A19103F-16F7-4668-BE54-9A1E7A4F7556}") = "Learning02", "prepare\Learning02\Learning02.csproj", "{C4551C27-227B-4193-AFF8-DC15D5D7F7CD}"
EndProject
Project("{9A19103F-16F7-4668-BE54-9A1E7A4F7556}") = "Learning03", "prepare\Learning03\Learning03.csproj", "{A826F9B4-8C21-4A41-951C-E0CE90D5F7E1}"
EndProject
Project("{9A19103F-16F7-4668-BE54-9A1E7A4F7556}") = "Learning04", "prepare\Learning04\Learning04.csproj", "{55A60F6F-462B-417F-885D-C508C7E7250B}"
EndProject
Project("{9A19103F-16F7-4668-BE54-9A1E7A4F7556}") = "Learning05", "prepare\Learning05\Learning05.csproj", "{3FCE877A-7818-4685-B966-D290DB33D7BF}"
EndProject
Project("{2150E333-8FDC-42A3-9474-1A3956D46DE8}") = "prove", "prove", "{DDB41BB3-B4D2-4CE9-915C-51FDE043EB8E}"
EndProject
Project("{9A19103F-16F7-4668-BE54-9A1E7A4F7556}") = "Develop02", "prove\Develop02\Develop02.csproj", "{C046DE91-4EC3-4537-B067-5DD0C9B4F780}"
EndProject
Project("{9A19103F-16F7-4668-BE54-9A1E7A4F7556}") = "Develop03", "prove\Develop03\Develop03.csproj", "{E52EA826-87D8-4BA5-9675-5D1783ADABA3}"
EndProject
Project("{9A19103F-16F7-4668-BE54-9A1E7A4F7556}") = "Develop04", "prove\Develop04\Develop04.csproj", "{9668D901-5F88-410C-88C6-D6542CA61375}"
EndProject
Project("{9A19103F-16F7-4668-BE54-9A1E7A4F7556}") = "Develop05", "prove\Develop05\Develop05.csproj", "{928D8D6D-2E01-4BA8-BD46-59CED79B46D5}"
EndProject
Project("{2150E333-8FDC-42A3-9474-1A3956D46DE8}") = "sandbox", "sandbox", "{B16A5098-4509-408C-8D63-A8CA79984AE1}"
EndProject
Project("{9A19103F-16F7-4668-BE54-9A1E7A4F7556}") = "Sandbox", "sandbox\Sandbox\Sandbox.csproj", "{437A336D-D3C9-4E45-80BA-B4C2208D2D41}"
EndProject
Global
	GlobalSection(SolutionConfigurationPlatforms) = preSolution
		Debug|Any CPU = Debug|Any CPU
		Release|Any CPU = Release|Any CPU
	EndGlobalSection
	GlobalSection(ProjectConfigurationPlatforms) = postSolution
		{2F5FF3C9-D751-4313-9087-64D38FD39721}.Debug|Any CPU.ActiveCfg = Debug|Any CPU
		{2F5FF3C9-D751-4313-9087-64D38FD39721}.Debug|Any CPU.Build.0 = Debug|Any CPU
		{2F5FF3C9-D751-4313-9087-64D38FD39721}.Release|Any CPU.ActiveCfg = Release|Any CPU
		{2F5FF3C9-D751-4313-9087-64D38FD39721}.Release|Any CPU.Build.0 = Release|Any CPU
		{EA899957-5229-425D-A605-271EDBD9EDC3}.Debug|Any CPU.ActiveCfg = Debug|Any CPU
		{EA899957-5229-425D-A605-271EDBD9EDC3}.Debug|Any CPU.Build.0 = Debug|Any CPU
		{EA899957-5229-425D-A605-271EDBD9EDC3}.Release|Any CPU.ActiveCfg = Release|Any CPU
		{EA899957-5229-425D-A605-271EDBD9EDC3}.Release|Any CPU.Build.0 = Release|Any CPU
		{D2608574-FBA2-4B72-82EA-BB64A2D84C56}.Debug|Any CPU.ActiveCfg = Debug|Any CPU
		{D2608574-FBA2-4B72-82EA-BB64A2D84C56}.Debug|Any CPU.Build.0 = Debug|Any CPU
		{D2608574-FBA2-4B72-82EA-BB64A2D84C56}.Release|Any CPU.ActiveCfg = Release|Any CPU
		{D2608574-FBA2-4B72-82EA-BB64A2D84C56}.Release|Any CPU.Build.0 = Release|Any CPU
		{67EFF8B5-8DD7-4738-BB5D-FBADA2C092B3}.Debug|Any CPU.ActiveCfg = Debug|Any CPU
		{67EFF8B5-8DD7-4738-BB5D-FBADA2C092B3}.Debug|Any CPU.Build.0 = Debug|Any CPU
		{67EFF8B5-8DD7-4738-BB5D-FBADA2C092B3}.Release|Any CPU.ActiveCfg = Release|Any CPU
		{67EFF8B5-8DD7-4738-BB5D-FBADA2C092B3}.Release|Any CPU.Build.0 = Release|Any CPU
		{EDE333EB-97E8-4A70-B561-0FF0F9C1D07E}.Debug|Any CPU.ActiveCfg = Debug|Any CPU
		{EDE333EB-97E8-4A70-B561-0FF0F9C1D07E}.Debug|Any CPU.Build.0 = Debug|Any CPU
		{EDE333EB-97E8-4A70-B561-0FF0F9C1D07E}.Release|Any CPU.ActiveCfg = Release|Any CPU
		{EDE333EB-97E8-4A70-B561-0FF0F9C1D07E}.Release|Any CPU.Build.0 = Release|Any CPU
		{A28A14F8-C1F1-4D42-A800-A3B63A9EF4FB}.Debug|Any CPU.ActiveCfg = Debug|Any CPU
		{A28A14F8-C1F1-4D42-A800-A3B63A9EF4FB}.Debug|Any CPU.Build.0 = Debug|Any CPU
		{A28A14F8-C1F1-4D42-A800-A3B63A9EF4FB}.Release|Any CPU.ActiveCfg = Release|Any CPU
		{A28A14F8-C1F1-4D42-A800-A3B63A9EF4FB}.Release|Any CPU.Build.0 = Release|Any CPU
		{FC94481A-06F0-4FB3-BB96-9D68909F495D}.Debug|Any CPU.ActiveCfg = Debug|Any CPU
		{FC94481A-06F0-4FB3-BB96-9D68909F495D}.Debug|Any CPU.Build.0 = Debug|Any CPU
		{FC94481A-06F0-4FB3-BB96-9D68909F495D}.Release|Any CPU.ActiveCfg = Release|Any CPU
		{FC94481A-06F0-4FB3-BB96-9D68909F495D}.Release|Any CPU.Build.0 = Release|Any CPU
		{2021392E-F51E-4F15-BC66-9F519E275C46}.Debug|Any CPU.ActiveCfg = Debug|Any CPU
		{2021392E-F51E-4F15-BC66-9F519E275C46}.Debug|Any CPU.Build.0 = Debug|Any CPU
		{2021392E-F51E-4F15-BC66-9F519E275C46}.Release|Any CPU.ActiveCfg = Release|Any CPU
		{2021392E-F51E-4F15-BC66-9F519E275C46}.Release|Any CPU.Build.0 = Release|Any CPU
		{D1E0C7D8-202D-483F-AB31-D5B369B8B6E8}.Debug|Any CPU.ActiveCfg = Debug|Any CPU
		{D1E0C7D8-202D-483F-AB31-D5B369B8B6E8}.Debug|Any CPU.Build.0 = Debug|Any CPU
		{D1E0C7D8-202D-483F-AB31-D5B369B8B6E8}.Release|Any CPU.ActiveCfg = Release|Any CPU
		{D1E0C7D8-202D-483F-AB31-D5B369B8B6E8}.Release|Any CPU.Build.0 = Release|Any CPU
		{3CCF8590-796B-41E9-A0EC-70E4BD156B60}.Debug|Any CPU.ActiveCfg = Debug|Any CPU
		{3CCF8590-796B-41E9-A0EC-70E4BD156B60}.Debug|Any CPU.Build.0 = Debug|Any CPU
		{3CCF8590-796B-41E9-A0EC-70E4BD156B60}.Release|Any CPU.ActiveCfg = Release|Any CPU
		{3CCF8590-796B-41E9-A0EC-70E4BD156B60}.Release|Any CPU.Build.0 = Release|Any CPU
		{C4551C27-227B-4193-AFF8-DC15D5D7F7CD}.Debug|Any CPU.ActiveCfg = Debug|Any CPU
		{C4551C27-227B-4193-AFF8-DC15D5D7F7CD}.Debug|Any CPU.Build.0 = Debug|Any CPU
		{C4551C27-227B-4193-AFF8-DC15D5D7F7CD}.Release|Any CPU.ActiveCfg = Release|Any CPU
		{C4551C27-227B-4193-AFF8-DC15D5D7F7CD}.Release|Any CPU.Build.0 = Release|Any CPU
		{A826F9B4-8C21-4A41-951C-E0CE90D5F7E1}.Debug|Any CPU.ActiveCfg = Debug|Any CPU
		{A826F9B4-8C21-4A41-951C-E0CE90D5F7E1}.Debug|Any CPU.Build.0 = Debug|Any CPU
		{A826F9B4-8C21-4A41-951C-E0CE90D5F7E1}.Release|Any CPU.ActiveCfg = Release|Any CPU
		{A826F9B4-8C21-4A41-951C-E0CE90D5F7E1}.Release|Any CPU.Build.0 = Release|Any CPU
		{55A60F6F-462B-417F-885D-C508C7E7250B}.Debug|Any CPU.ActiveCfg = Debug|Any CPU
		{55A60F6F-462B-417F-885D-C508C7E7250B}.Debug|Any CPU.Build.0 = Debug|Any CPU
		{55A60F6F-462B-417F-885D-C508C7E7250B}.Release|Any CPU.ActiveCfg = Release|Any CPU
		{55A60F6F-462B-417F-885D-C508C7E7250B}.Release|Any CPU.Build.0 = Release|Any CPU
		{3FCE877A-7818-4685-B966-D290DB33D7BF}.Debug|Any CPU.ActiveCfg = Debug|Any CPU
		{3FCE877A-7818-4685-B966-D290DB33D7BF}.Debug|Any CPU.Build.0 = Debug|Any CPU
		{3FCE877A-7818-4685-B966-D290DB33D7BF}.Release|Any CPU.ActiveCfg = Release|Any CPU
		{3FCE877A-7818-4685-B966-D290DB33D7BF}.Release|Any CPU.Build.0 = Release|Any CPU
		{C046DE91-4EC3-4537-B067-5DD0C9B4F780}.Debug|Any CPU.ActiveCfg = Debug|Any CPU
		{C046DE91-4EC3-4537-B067-5DD0C9B4F780}.Debug|Any CPU.Build.0 = Debug|Any CPU
		{C046DE91-4EC3-4537-B067-5DD0C9B4F780}.Release|Any CPU.ActiveCfg = Release|Any CPU
		{C046DE91-4EC3-4537-B067-5DD0C9B4F780}.Release|Any CPU.Build.0 = Release|Any CPU
		{E52EA826-87D8-4BA5-9675-5D1783ADABA3}.Debug|Any CPU.ActiveCfg = Debug|Any CPU
		{E52EA826-87D8-4BA5-9675-5D1783ADABA3}.Debug|Any CPU.Build.0 = Debug|Any CPU
		{E52EA826-87D8-4BA5-9675-5D1783ADABA3}.Release|Any CPU.ActiveCfg = Release|Any CPU
		{E52EA826-87D8-4BA5-9675-5D1783ADABA3}.Release|Any CPU.Build.0 = Release|Any CPU
		{9668D901-5F88-410C-88C6-D6542CA61375}.Debug|Any CPU.ActiveCfg = Debug|Any CPU
		{9668D901-5F88-410C-88C6-D6542CA61375}.Debug|Any CPU.Build.0 = Debug|Any CPU
		{9668D901-5F88-410C-88C6-D6542CA61375}.Release|Any CPU.ActiveCfg = Release|Any CPU
		{9668D901-5F88-410C-88C6-D6542CA61375}.Release|Any CPU.Build.0 = Release|Any CPU
		{928D8D6D-2E01-4BA8-BD46-59CED79B46D5}.Debug|Any CPU.ActiveCfg = Debug|Any CPU
		{928D8D6D-2E01-4BA8-BD46-59CED79B46D5}.Debug|Any CPU.Build.0 = Debug|Any CPU
		{928D8D6D-2E01-4BA8-BD46-59CED79B46D5}.Release|Any CPU.ActiveCfg = Release|Any CPU
		{928D8D6D-2E01-4BA8-BD46-59CED79B46D5}.Release|Any CPU.Build.0 = Release|Any CPU
		{437A336D-D3C9-4E45-80BA-B4C2208D2D41}.Debug|Any CPU.ActiveCfg = Debug|Any CPU
		{437A336D-D3C9-4E45-80BA-B4C2208D2D41}.Debug|Any CPU.Build.0 = Debug|Any CPU
		{437A336D-D3C9-4E45-80BA-B4C2208D2D41}.Release|Any CPU.ActiveCfg = Release|Any CPU
		{437A336D-D3C9-4E45-80BA-B4C2208D2D41}.Release|Any CPU.Build.0 = Release|Any CPU
	EndGlobalSection
	GlobalSection(SolutionProperties) = preSolution
		HideSolutionNode = FALSE
	EndGlobalSection
	GlobalSection(NestedProjects) = preSolution
		{2F5FF3C9-D751-4313-9087-64D38FD39721} = {AECEB9D2-B3EF-4684-B9DA-A976F5CB9F77}
		{EA899957-5229-425D-A605-271EDBD9EDC3} = {AECEB9D2-B3EF-4684-B9DA-A976F5CB9F77}
		{D2608574-FBA2-4B72-82EA-BB64A2D84C56} = {AECEB9D2-B3EF-4684-B9DA-A976F5CB9F77}
		{67EFF8B5-8DD7-4738-BB5D-FBADA2C092B3} = {AECEB9D2-B3EF-4684-B9DA-A976F5CB9F77}
		{EDE333EB-97E8-4A70-B561-0FF0F9C1D07E} = {AECEB9D2-B3EF-4684-B9DA-A976F5CB9F77}
		{A28A14F8-C1F1-4D42-A800-A3B63A9EF4FB} = {269F6C99-258C-4C9F-87F7-28E5B7860E69}
		{FC94481A-06F0-4FB3-BB96-9D68909F495D} = {269F6C99-258C-4C9F-87F7-28E5B7860E69}
		{2021392E-F51E-4F15-BC66-9F519E275C46} = {269F6C99-258C-4C9F-87F7-28E5B7860E69}
		{D1E0C7D8-202D-483F-AB31-D5B369B8B6E8} = {269F6C99-258C-4C9F-87F7-28E5B7860E69}
		{3CCF8590-796B-41E9-A0EC-70E4BD156B60} = {269F6C99-258C-4C9F-87F7-28E5B7860E69}
		{C4551C27-227B-4193-AFF8-DC15D5D7F7CD} = {EDF47A72-1E81-43C9-B270-90F97CBE7ED6}
		{A826F9B4-8C21-4A41-951C-E0CE90D5F7E1} = {EDF47A72-1E81-43C9-B270-90F97CBE7ED6}
		{55A60F6F-462B-417F-885D-C508C7E7250B} = {EDF47A72-1E81-43C9-B270-90F97CBE7ED6}
		{3FCE877A-7818-4685-B966-D290DB33D7BF} = {EDF47A72-1E81-43C9-B270-90F97CBE7ED6}
		{C046DE91-4EC3-4537-B067-5DD0C9B4F780} = {DDB41BB3-B4D2-4CE9-915C-51FDE043EB8E}
		{E52EA826-87D8-4BA5-9675-5D1783ADABA3} = {DDB41BB3-B4D2-4CE9-915C-51FDE043EB8E}
		{9668D901-5F88-410C-88C6-D6542CA61375} = {DDB41BB3-B4D2-4CE9-915C-51FDE043EB8E}
		{928D8D6D-2E01-4BA8-BD46-59CED79B46D5} = {DDB41BB3-B4D2-4CE9-915C-51FDE043EB8E}
		{437A336D-D3C9-4E45-80BA-B4C2208D2D41} = {B16A5098-4509-408C-8D63-A8CA79984AE1}
	EndGlobalSection
	GlobalSection(ExtensibilityGlobals) = postSolution
		SolutionGuid = {60D1C7C9-40D0-4225-BD33-932421D29231}
	EndGlobalSection
EndGlobal
